
Microsoft Visual Studio Solution File, Format Version 12.00
# Visual Studio 15
VisualStudioVersion = 15.0.26730.10
MinimumVisualStudioVersion = 10.0.40219.1
Project("{8BC9CEB8-8B4A-11D0-8D11-00A0C91BC942}") = "Test", "Test\Test.vcxproj", "{D156B461-8D38-456A-8BAE-22128B6C9485}"
EndProject
Global
	GlobalSection(SolutionConfigurationPlatforms) = preSolution
		Debug|x64 = Debug|x64
		Debug|x86 = Debug|x86
		Release|x64 = Release|x64
		Release|x86 = Release|x86
	EndGlobalSection
	GlobalSection(ProjectConfigurationPlatforms) = postSolution
		{D156B461-8D38-456A-8BAE-22128B6C9485}.Debug|x64.ActiveCfg = Debug|x64
		{D156B461-8D38-456A-8BAE-22128B6C9485}.Debug|x64.Build.0 = Debug|x64
		{D156B461-8D38-456A-8BAE-22128B6C9485}.Debug|x86.ActiveCfg = Debug|Win32
		{D156B461-8D38-456A-8BAE-22128B6C9485}.Debug|x86.Build.0 = Debug|Win32
		{D156B461-8D38-456A-8BAE-22128B6C9485}.Release|x64.ActiveCfg = Release|x64
		{D156B461-8D38-456A-8BAE-22128B6C9485}.Release|x64.Build.0 = Release|x64
		{D156B461-8D38-456A-8BAE-22128B6C9485}.Release|x86.ActiveCfg = Release|Win32
		{D156B461-8D38-456A-8BAE-22128B6C9485}.Release|x86.Build.0 = Release|Win32
	EndGlobalSection
	GlobalSection(SolutionProperties) = preSolution
		HideSolutionNode = FALSE
	EndGlobalSection
	GlobalSection(ExtensibilityGlobals) = postSolution
		SolutionGuid = {124F69FE-8243-489F-854F-5A72F7EC7B92}
	EndGlobalSection
EndGlobal
